
Microsoft Visual Studio Solution File, Format Version 12.00
# Visual Studio 15
VisualStudioVersion = 15.0.27703.2000
MinimumVisualStudioVersion = 10.0.40219.1
Project("{FAE04EC0-301F-11D3-BF4B-00C04F79EFBC}") = "ComicBookLibraryManager", "ComicBookLibraryManager\ComicBookLibraryManager.csproj", "{D30BE089-4B9E-4532-ABE8-5F33EF03C585}"
EndProject
Project("{FAE04EC0-301F-11D3-BF4B-00C04F79EFBC}") = "NCTUShared", "NCTUShared\NCTUShared.csproj", "{5F900CE7-DEAC-4485-9E91-48337A167FEE}"
EndProject
Project("{FAE04EC0-301F-11D3-BF4B-00C04F79EFBC}") = "NCTUWebApp", "NCTUWebApp\NCTUWebApp.csproj", "{7F54987B-788B-4E4E-8998-697565DA3639}"
EndProject
Global
	GlobalSection(SolutionConfigurationPlatforms) = preSolution
		Debug|Any CPU = Debug|Any CPU
		Release|Any CPU = Release|Any CPU
	EndGlobalSection
	GlobalSection(ProjectConfigurationPlatforms) = postSolution
		{D30BE089-4B9E-4532-ABE8-5F33EF03C585}.Debug|Any CPU.ActiveCfg = Debug|Any CPU
		{D30BE089-4B9E-4532-ABE8-5F33EF03C585}.Debug|Any CPU.Build.0 = Debug|Any CPU
		{D30BE089-4B9E-4532-ABE8-5F33EF03C585}.Release|Any CPU.ActiveCfg = Release|Any CPU
		{D30BE089-4B9E-4532-ABE8-5F33EF03C585}.Release|Any CPU.Build.0 = Release|Any CPU
		{5F900CE7-DEAC-4485-9E91-48337A167FEE}.Debug|Any CPU.ActiveCfg = Debug|Any CPU
		{5F900CE7-DEAC-4485-9E91-48337A167FEE}.Debug|Any CPU.Build.0 = Debug|Any CPU
		{5F900CE7-DEAC-4485-9E91-48337A167FEE}.Release|Any CPU.ActiveCfg = Release|Any CPU
		{5F900CE7-DEAC-4485-9E91-48337A167FEE}.Release|Any CPU.Build.0 = Release|Any CPU
		{7F54987B-788B-4E4E-8998-697565DA3639}.Debug|Any CPU.ActiveCfg = Debug|Any CPU
		{7F54987B-788B-4E4E-8998-697565DA3639}.Debug|Any CPU.Build.0 = Debug|Any CPU
		{7F54987B-788B-4E4E-8998-697565DA3639}.Release|Any CPU.ActiveCfg = Release|Any CPU
		{7F54987B-788B-4E4E-8998-697565DA3639}.Release|Any CPU.Build.0 = Release|Any CPU
	EndGlobalSection
	GlobalSection(SolutionProperties) = preSolution
		HideSolutionNode = FALSE
	EndGlobalSection
	GlobalSection(ExtensibilityGlobals) = postSolution
		SolutionGuid = {FB7634BB-DBCF-46DB-9324-1B58A6529D5C}
	EndGlobalSection
EndGlobal
